// !$*UTF8*$!
{
	archiveVersion = 1;
	classes = {
	};
	objectVersion = 46;
	objects = {

/* Begin PBXBuildFile section */
		A31245471D7FA5FD00BC25E0 /* Main.storyboard in Resources */ = {isa = PBXBuildFile; fileRef = A31245461D7FA5FD00BC25E0 /* Main.storyboard */; };
		B67E85B51D7D051100CF9988 /* main.m in Sources */ = {isa = PBXBuildFile; fileRef = B67E85B41D7D051100CF9988 /* main.m */; };
		B67E85B81D7D051100CF9988 /* AppDelegate.m in Sources */ = {isa = PBXBuildFile; fileRef = B67E85B71D7D051100CF9988 /* AppDelegate.m */; };
		B67E85BB1D7D051100CF9988 /* ViewController.m in Sources */ = {isa = PBXBuildFile; fileRef = B67E85BA1D7D051100CF9988 /* ViewController.m */; };
		B67E85C01D7D051100CF9988 /* Assets.xcassets in Resources */ = {isa = PBXBuildFile; fileRef = B67E85BF1D7D051100CF9988 /* Assets.xcassets */; };
		B67E85C31D7D051100CF9988 /* LaunchScreen.storyboard in Resources */ = {isa = PBXBuildFile; fileRef = B67E85C11D7D051100CF9988 /* LaunchScreen.storyboard */; };
		B67E85CE1D7D051100CF9988 /* customImageCroppingTests.m in Sources */ = {isa = PBXBuildFile; fileRef = B67E85CD1D7D051100CF9988 /* customImageCroppingTests.m */; };
		B67E85D91D7D051100CF9988 /* customImageCroppingUITests.m in Sources */ = {isa = PBXBuildFile; fileRef = B67E85D81D7D051100CF9988 /* customImageCroppingUITests.m */; };
		B67E85EB1D7D510200CF9988 /* ZBImageCliped.m in Sources */ = {isa = PBXBuildFile; fileRef = B67E85EA1D7D510200CF9988 /* ZBImageCliped.m */; };
/* End PBXBuildFile section */

/* Begin PBXContainerItemProxy section */
		B67E85CA1D7D051100CF9988 /* PBXContainerItemProxy */ = {
			isa = PBXContainerItemProxy;
			containerPortal = B67E85A81D7D051100CF9988 /* Project object */;
			proxyType = 1;
			remoteGlobalIDString = B67E85AF1D7D051100CF9988;
			remoteInfo = customImageCropping;
		};
		B67E85D51D7D051100CF9988 /* PBXContainerItemProxy */ = {
			isa = PBXContainerItemProxy;
			containerPortal = B67E85A81D7D051100CF9988 /* Project object */;
			proxyType = 1;
			remoteGlobalIDString = B67E85AF1D7D051100CF9988;
			remoteInfo = customImageCropping;
		};
/* End PBXContainerItemProxy section */

/* Begin PBXFileReference section */
		A31245461D7FA5FD00BC25E0 /* Main.storyboard */ = {isa = PBXFileReference; fileEncoding = 4; lastKnownFileType = file.storyboard; path = Main.storyboard; sourceTree = "<group>"; };
		B67E85B01D7D051100CF9988 /* customImageCropping.app */ = {isa = PBXFileReference; explicitFileType = wrapper.application; includeInIndex = 0; path = customImageCropping.app; sourceTree = BUILT_PRODUCTS_DIR; };
		B67E85B41D7D051100CF9988 /* main.m */ = {isa = PBXFileReference; lastKnownFileType = sourcecode.c.objc; path = main.m; sourceTree = "<group>"; };
		B67E85B61D7D051100CF9988 /* AppDelegate.h */ = {isa = PBXFileReference; lastKnownFileType = sourcecode.c.h; path = AppDelegate.h; sourceTree = "<group>"; };
		B67E85B71D7D051100CF9988 /* AppDelegate.m */ = {isa = PBXFileReference; lastKnownFileType = sourcecode.c.objc; path = AppDelegate.m; sourceTree = "<group>"; };
		B67E85B91D7D051100CF9988 /* ViewController.h */ = {isa = PBXFileReference; lastKnownFileType = sourcecode.c.h; path = ViewController.h; sourceTree = "<group>"; };
		B67E85BA1D7D051100CF9988 /* ViewController.m */ = {isa = PBXFileReference; lastKnownFileType = sourcecode.c.objc; path = ViewController.m; sourceTree = "<group>"; };
		B67E85BF1D7D051100CF9988 /* Assets.xcassets */ = {isa = PBXFileReference; lastKnownFileType = folder.assetcatalog; path = Assets.xcassets; sourceTree = "<group>"; };
		B67E85C21D7D051100CF9988 /* Base */ = {isa = PBXFileReference; lastKnownFileType = file.storyboard; name = Base; path = Base.lproj/LaunchScreen.storyboard; sourceTree = "<group>"; };
		B67E85C41D7D051100CF9988 /* Info.plist */ = {isa = PBXFileReference; lastKnownFileType = text.plist.xml; path = Info.plist; sourceTree = "<group>"; };
		B67E85C91D7D051100CF9988 /* customImageCroppingTests.xctest */ = {isa = PBXFileReference; explicitFileType = wrapper.cfbundle; includeInIndex = 0; path = customImageCroppingTests.xctest; sourceTree = BUILT_PRODUCTS_DIR; };
		B67E85CD1D7D051100CF9988 /* customImageCroppingTests.m */ = {isa = PBXFileReference; lastKnownFileType = sourcecode.c.objc; path = customImageCroppingTests.m; sourceTree = "<group>"; };
		B67E85CF1D7D051100CF9988 /* Info.plist */ = {isa = PBXFileReference; lastKnownFileType = text.plist.xml; path = Info.plist; sourceTree = "<group>"; };
		B67E85D41D7D051100CF9988 /* customImageCroppingUITests.xctest */ = {isa = PBXFileReference; explicitFileType = wrapper.cfbundle; includeInIndex = 0; path = customImageCroppingUITests.xctest; sourceTree = BUILT_PRODUCTS_DIR; };
		B67E85D81D7D051100CF9988 /* customImageCroppingUITests.m */ = {isa = PBXFileReference; lastKnownFileType = sourcecode.c.objc; path = customImageCroppingUITests.m; sourceTree = "<group>"; };
		B67E85DA1D7D051100CF9988 /* Info.plist */ = {isa = PBXFileReference; lastKnownFileType = text.plist.xml; path = Info.plist; sourceTree = "<group>"; };
		B67E85E91D7D510200CF9988 /* ZBImageCliped.h */ = {isa = PBXFileReference; fileEncoding = 4; lastKnownFileType = sourcecode.c.h; path = ZBImageCliped.h; sourceTree = "<group>"; };
		B67E85EA1D7D510200CF9988 /* ZBImageCliped.m */ = {isa = PBXFileReference; fileEncoding = 4; lastKnownFileType = sourcecode.c.objc; path = ZBImageCliped.m; sourceTree = "<group>"; };
/* End PBXFileReference section */

/* Begin PBXFrameworksBuildPhase section */
		B67E85AD1D7D051100CF9988 /* Frameworks */ = {
			isa = PBXFrameworksBuildPhase;
			buildActionMask = 2147483647;
			files = (
			);
			runOnlyForDeploymentPostprocessing = 0;
		};
		B67E85C61D7D051100CF9988 /* Frameworks */ = {
			isa = PBXFrameworksBuildPhase;
			buildActionMask = 2147483647;
			files = (
			);
			runOnlyForDeploymentPostprocessing = 0;
		};
		B67E85D11D7D051100CF9988 /* Frameworks */ = {
			isa = PBXFrameworksBuildPhase;
			buildActionMask = 2147483647;
			files = (
			);
			runOnlyForDeploymentPostprocessing = 0;
		};
/* End PBXFrameworksBuildPhase section */

/* Begin PBXGroup section */
		B67E85A71D7D051100CF9988 = {
			isa = PBXGroup;
			children = (
				B67E85B21D7D051100CF9988 /* customImageCropping */,
				B67E85CC1D7D051100CF9988 /* customImageCroppingTests */,
				B67E85D71D7D051100CF9988 /* customImageCroppingUITests */,
				B67E85B11D7D051100CF9988 /* Products */,
			);
			sourceTree = "<group>";
		};
		B67E85B11D7D051100CF9988 /* Products */ = {
			isa = PBXGroup;
			children = (
				B67E85B01D7D051100CF9988 /* customImageCropping.app */,
				B67E85C91D7D051100CF9988 /* customImageCroppingTests.xctest */,
				B67E85D41D7D051100CF9988 /* customImageCroppingUITests.xctest */,
			);
			name = Products;
			sourceTree = "<group>";
		};
		B67E85B21D7D051100CF9988 /* customImageCropping */ = {
			isa = PBXGroup;
			children = (
				B67E85B61D7D051100CF9988 /* AppDelegate.h */,
				B67E85B71D7D051100CF9988 /* AppDelegate.m */,
				B67E85B91D7D051100CF9988 /* ViewController.h */,
				B67E85BA1D7D051100CF9988 /* ViewController.m */,
				B67E85E91D7D510200CF9988 /* ZBImageCliped.h */,
				B67E85EA1D7D510200CF9988 /* ZBImageCliped.m */,
				A31245461D7FA5FD00BC25E0 /* Main.storyboard */,
				B67E85BF1D7D051100CF9988 /* Assets.xcassets */,
				B67E85C11D7D051100CF9988 /* LaunchScreen.storyboard */,
				B67E85C41D7D051100CF9988 /* Info.plist */,
				B67E85B31D7D051100CF9988 /* Supporting Files */,
			);
			path = customImageCropping;
			sourceTree = "<group>";
		};
		B67E85B31D7D051100CF9988 /* Supporting Files */ = {
			isa = PBXGroup;
			children = (
				B67E85B41D7D051100CF9988 /* main.m */,
			);
			name = "Supporting Files";
			sourceTree = "<group>";
		};
		B67E85CC1D7D051100CF9988 /* customImageCroppingTests */ = {
			isa = PBXGroup;
			children = (
				B67E85CD1D7D051100CF9988 /* customImageCroppingTests.m */,
				B67E85CF1D7D051100CF9988 /* Info.plist */,
			);
			path = customImageCroppingTests;
			sourceTree = "<group>";
		};
		B67E85D71D7D051100CF9988 /* customImageCroppingUITests */ = {
			isa = PBXGroup;
			children = (
				B67E85D81D7D051100CF9988 /* customImageCroppingUITests.m */,
				B67E85DA1D7D051100CF9988 /* Info.plist */,
			);
			path = customImageCroppingUITests;
			sourceTree = "<group>";
		};
/* End PBXGroup section */

/* Begin PBXNativeTarget section */
		B67E85AF1D7D051100CF9988 /* customImageCropping */ = {
			isa = PBXNativeTarget;
			buildConfigurationList = B67E85DD1D7D051100CF9988 /* Build configuration list for PBXNativeTarget "customImageCropping" */;
			buildPhases = (
				B67E85AC1D7D051100CF9988 /* Sources */,
				B67E85AD1D7D051100CF9988 /* Frameworks */,
				B67E85AE1D7D051100CF9988 /* Resources */,
			);
			buildRules = (
			);
			dependencies = (
			);
			name = customImageCropping;
			productName = customImageCropping;
			productReference = B67E85B01D7D051100CF9988 /* customImageCropping.app */;
			productType = "com.apple.product-type.application";
		};
		B67E85C81D7D051100CF9988 /* customImageCroppingTests */ = {
			isa = PBXNativeTarget;
			buildConfigurationList = B67E85E01D7D051100CF9988 /* Build configuration list for PBXNativeTarget "customImageCroppingTests" */;
			buildPhases = (
				B67E85C51D7D051100CF9988 /* Sources */,
				B67E85C61D7D051100CF9988 /* Frameworks */,
				B67E85C71D7D051100CF9988 /* Resources */,
			);
			buildRules = (
			);
			dependencies = (
				B67E85CB1D7D051100CF9988 /* PBXTargetDependency */,
			);
			name = customImageCroppingTests;
			productName = customImageCroppingTests;
			productReference = B67E85C91D7D051100CF9988 /* customImageCroppingTests.xctest */;
			productType = "com.apple.product-type.bundle.unit-test";
		};
		B67E85D31D7D051100CF9988 /* customImageCroppingUITests */ = {
			isa = PBXNativeTarget;
			buildConfigurationList = B67E85E31D7D051100CF9988 /* Build configuration list for PBXNativeTarget "customImageCroppingUITests" */;
			buildPhases = (
				B67E85D01D7D051100CF9988 /* Sources */,
				B67E85D11D7D051100CF9988 /* Frameworks */,
				B67E85D21D7D051100CF9988 /* Resources */,
			);
			buildRules = (
			);
			dependencies = (
				B67E85D61D7D051100CF9988 /* PBXTargetDependency */,
			);
			name = customImageCroppingUITests;
			productName = customImageCroppingUITests;
			productReference = B67E85D41D7D051100CF9988 /* customImageCroppingUITests.xctest */;
			productType = "com.apple.product-type.bundle.ui-testing";
		};
/* End PBXNativeTarget section */

/* Begin PBXProject section */
		B67E85A81D7D051100CF9988 /* Project object */ = {
			isa = PBXProject;
			attributes = {
				LastUpgradeCheck = 0730;
				ORGANIZATIONNAME = Tema;
				TargetAttributes = {
					B67E85AF1D7D051100CF9988 = {
						CreatedOnToolsVersion = 7.3.1;
					};
					B67E85C81D7D051100CF9988 = {
						CreatedOnToolsVersion = 7.3.1;
						TestTargetID = B67E85AF1D7D051100CF9988;
					};
					B67E85D31D7D051100CF9988 = {
						CreatedOnToolsVersion = 7.3.1;
						TestTargetID = B67E85AF1D7D051100CF9988;
					};
				};
			};
			buildConfigurationList = B67E85AB1D7D051100CF9988 /* Build configuration list for PBXProject "customImageCropping" */;
			compatibilityVersion = "Xcode 3.2";
			developmentRegion = English;
			hasScannedForEncodings = 0;
			knownRegions = (
				en,
				Base,
			);
			mainGroup = B67E85A71D7D051100CF9988;
			productRefGroup = B67E85B11D7D051100CF9988 /* Products */;
			projectDirPath = "";
			projectRoot = "";
			targets = (
				B67E85AF1D7D051100CF9988 /* customImageCropping */,
				B67E85C81D7D051100CF9988 /* customImageCroppingTests */,
				B67E85D31D7D051100CF9988 /* customImageCroppingUITests */,
			);
		};
/* End PBXProject section */

/* Begin PBXResourcesBuildPhase section */
		B67E85AE1D7D051100CF9988 /* Resources */ = {
			isa = PBXResourcesBuildPhase;
			buildActionMask = 2147483647;
			files = (
				B67E85C31D7D051100CF9988 /* LaunchScreen.storyboard in Resources */,
				B67E85C01D7D051100CF9988 /* Assets.xcassets in Resources */,
				A31245471D7FA5FD00BC25E0 /* Main.storyboard in Resources */,
			);
			runOnlyForDeploymentPostprocessing = 0;
		};
		B67E85C71D7D051100CF9988 /* Resources */ = {
			isa = PBXResourcesBuildPhase;
			buildActionMask = 2147483647;
			files = (
			);
			runOnlyForDeploymentPostprocessing = 0;
		};
		B67E85D21D7D051100CF9988 /* Resources */ = {
			isa = PBXResourcesBuildPhase;
			buildActionMask = 2147483647;
			files = (
			);
			runOnlyForDeploymentPostprocessing = 0;
		};
/* End PBXResourcesBuildPhase section */

/* Begin PBXSourcesBuildPhase section */
		B67E85AC1D7D051100CF9988 /* Sources */ = {
			isa = PBXSourcesBuildPhase;
			buildActionMask = 2147483647;
			files = (
				B67E85BB1D7D051100CF9988 /* ViewController.m in Sources */,
				B67E85B81D7D051100CF9988 /* AppDelegate.m in Sources */,
				B67E85EB1D7D510200CF9988 /* ZBImageCliped.m in Sources */,
				B67E85B51D7D051100CF9988 /* main.m in Sources */,
			);
			runOnlyForDeploymentPostprocessing = 0;
		};
		B67E85C51D7D051100CF9988 /* Sources */ = {
			isa = PBXSourcesBuildPhase;
			buildActionMask = 2147483647;
			files = (
				B67E85CE1D7D051100CF9988 /* customImageCroppingTests.m in Sources */,
			);
			runOnlyForDeploymentPostprocessing = 0;
		};
		B67E85D01D7D051100CF9988 /* Sources */ = {
			isa = PBXSourcesBuildPhase;
			buildActionMask = 2147483647;
			files = (
				B67E85D91D7D051100CF9988 /* customImageCroppingUITests.m in Sources */,
			);
			runOnlyForDeploymentPostprocessing = 0;
		};
/* End PBXSourcesBuildPhase section */

/* Begin PBXTargetDependency section */
		B67E85CB1D7D051100CF9988 /* PBXTargetDependency */ = {
			isa = PBXTargetDependency;
			target = B67E85AF1D7D051100CF9988 /* customImageCropping */;
			targetProxy = B67E85CA1D7D051100CF9988 /* PBXContainerItemProxy */;
		};
		B67E85D61D7D051100CF9988 /* PBXTargetDependency */ = {
			isa = PBXTargetDependency;
			target = B67E85AF1D7D051100CF9988 /* customImageCropping */;
			targetProxy = B67E85D51D7D051100CF9988 /* PBXContainerItemProxy */;
		};
/* End PBXTargetDependency section */

/* Begin PBXVariantGroup section */
		B67E85C11D7D051100CF9988 /* LaunchScreen.storyboard */ = {
			isa = PBXVariantGroup;
			children = (
				B67E85C21D7D051100CF9988 /* Base */,
			);
			name = LaunchScreen.storyboard;
			sourceTree = "<group>";
		};
/* End PBXVariantGroup section */

/* Begin XCBuildConfiguration section */
		B67E85DB1D7D051100CF9988 /* Debug */ = {
			isa = XCBuildConfiguration;
			buildSettings = {
				ALWAYS_SEARCH_USER_PATHS = NO;
				CLANG_ANALYZER_NONNULL = YES;
				CLANG_CXX_LANGUAGE_STANDARD = "gnu++0x";
				CLANG_CXX_LIBRARY = "libc++";
				CLANG_ENABLE_MODULES = YES;
				CLANG_ENABLE_OBJC_ARC = YES;
				CLANG_WARN_BOOL_CONVERSION = YES;
				CLANG_WARN_CONSTANT_CONVERSION = YES;
				CLANG_WARN_DIRECT_OBJC_ISA_USAGE = YES_ERROR;
				CLANG_WARN_EMPTY_BODY = YES;
				CLANG_WARN_ENUM_CONVERSION = YES;
				CLANG_WARN_INT_CONVERSION = YES;
				CLANG_WARN_OBJC_ROOT_CLASS = YES_ERROR;
				CLANG_WARN_UNREACHABLE_CODE = YES;
				CLANG_WARN__DUPLICATE_METHOD_MATCH = YES;
				"CODE_SIGN_IDENTITY[sdk=iphoneos*]" = "iPhone Developer";
				COPY_PHASE_STRIP = NO;
				DEBUG_INFORMATION_FORMAT = dwarf;
				ENABLE_STRICT_OBJC_MSGSEND = YES;
				ENABLE_TESTABILITY = YES;
				GCC_C_LANGUAGE_STANDARD = gnu99;
				GCC_DYNAMIC_NO_PIC = NO;
				GCC_NO_COMMON_BLOCKS = YES;
				GCC_OPTIMIZATION_LEVEL = 0;
				GCC_PREPROCESSOR_DEFINITIONS = (
					"DEBUG=1",
					"$(inherited)",
				);
				GCC_WARN_64_TO_32_BIT_CONVERSION = YES;
				GCC_WARN_ABOUT_RETURN_TYPE = YES_ERROR;
				GCC_WARN_UNDECLARED_SELECTOR = YES;
				GCC_WARN_UNINITIALIZED_AUTOS = YES_AGGRESSIVE;
				GCC_WARN_UNUSED_FUNCTION = YES;
				GCC_WARN_UNUSED_VARIABLE = YES;
				IPHONEOS_DEPLOYMENT_TARGET = 9.3;
				MTL_ENABLE_DEBUG_INFO = YES;
				ONLY_ACTIVE_ARCH = YES;
				SDKROOT = iphoneos;
				TARGETED_DEVICE_FAMILY = "1,2";
			};
			name = Debug;
		};
		B67E85DC1D7D051100CF9988 /* Release */ = {
			isa = XCBuildConfiguration;
			buildSettings = {
				ALWAYS_SEARCH_USER_PATHS = NO;
				CLANG_ANALYZER_NONNULL = YES;
				CLANG_CXX_LANGUAGE_STANDARD = "gnu++0x";
				CLANG_CXX_LIBRARY = "libc++";
				CLANG_ENABLE_MODULES = YES;
				CLANG_ENABLE_OBJC_ARC = YES;
				CLANG_WARN_BOOL_CONVERSION = YES;
				CLANG_WARN_CONSTANT_CONVERSION = YES;
				CLANG_WARN_DIRECT_OBJC_ISA_USAGE = YES_ERROR;
				CLANG_WARN_EMPTY_BODY = YES;
				CLANG_WARN_ENUM_CONVERSION = YES;
				CLANG_WARN_INT_CONVERSION = YES;
				CLANG_WARN_OBJC_ROOT_CLASS = YES_ERROR;
				CLANG_WARN_UNREACHABLE_CODE = YES;
				CLANG_WARN__DUPLICATE_METHOD_MATCH = YES;
				"CODE_SIGN_IDENTITY[sdk=iphoneos*]" = "iPhone Developer";
				COPY_PHASE_STRIP = NO;
				DEBUG_INFORMATION_FORMAT = "dwarf-with-dsym";
				ENABLE_NS_ASSERTIONS = NO;
				ENABLE_STRICT_OBJC_MSGSEND = YES;
				GCC_C_LANGUAGE_STANDARD = gnu99;
				GCC_NO_COMMON_BLOCKS = YES;
				GCC_WARN_64_TO_32_BIT_CONVERSION = YES;
				GCC_WARN_ABOUT_RETURN_TYPE = YES_ERROR;
				GCC_WARN_UNDECLARED_SELECTOR = YES;
				GCC_WARN_UNINITIALIZED_AUTOS = YES_AGGRESSIVE;
				GCC_WARN_UNUSED_FUNCTION = YES;
				GCC_WARN_UNUSED_VARIABLE = YES;
				IPHONEOS_DEPLOYMENT_TARGET = 9.3;
				MTL_ENABLE_DEBUG_INFO = NO;
				SDKROOT = iphoneos;
				TARGETED_DEVICE_FAMILY = "1,2";
				VALIDATE_PRODUCT = YES;
			};
			name = Release;
		};
		B67E85DE1D7D051100CF9988 /* Debug */ = {
			isa = XCBuildConfiguration;
			buildSettings = {
				ASSETCATALOG_COMPILER_APPICON_NAME = AppIcon;
				INFOPLIST_FILE = customImageCropping/Info.plist;
				LD_RUNPATH_SEARCH_PATHS = "$(inherited) @executable_path/Frameworks";
				PRODUCT_BUNDLE_IDENTIFIER = tema.com.customImageCropping;
				PRODUCT_NAME = "$(TARGET_NAME)";
			};
			name = Debug;
		};
		B67E85DF1D7D051100CF9988 /* Release */ = {
			isa = XCBuildConfiguration;
			buildSettings = {
				ASSETCATALOG_COMPILER_APPICON_NAME = AppIcon;
				INFOPLIST_FILE = customImageCropping/Info.plist;
				LD_RUNPATH_SEARCH_PATHS = "$(inherited) @executable_path/Frameworks";
				PRODUCT_BUNDLE_IDENTIFIER = tema.com.customImageCropping;
				PRODUCT_NAME = "$(TARGET_NAME)";
			};
			name = Release;
		};
		B67E85E11D7D051100CF9988 /* Debug */ = {
			isa = XCBuildConfiguration;
			buildSettings = {
				BUNDLE_LOADER = "$(TEST_HOST)";
				INFOPLIST_FILE = customImageCroppingTests/Info.plist;
				LD_RUNPATH_SEARCH_PATHS = "$(inherited) @executable_path/Frameworks @loader_path/Frameworks";
				PRODUCT_BUNDLE_IDENTIFIER = tema.com.customImageCroppingTests;
				PRODUCT_NAME = "$(TARGET_NAME)";
				TEST_HOST = "$(BUILT_PRODUCTS_DIR)/customImageCropping.app/customImageCropping";
			};
			name = Debug;
		};
		B67E85E21D7D051100CF9988 /* Release */ = {
			isa = XCBuildConfiguration;
			buildSettings = {
				BUNDLE_LOADER = "$(TEST_HOST)";
				INFOPLIST_FILE = customImageCroppingTests/Info.plist;
				LD_RUNPATH_SEARCH_PATHS = "$(inherited) @executable_path/Frameworks @loader_path/Frameworks";
				PRODUCT_BUNDLE_IDENTIFIER = tema.com.customImageCroppingTests;
				PRODUCT_NAME = "$(TARGET_NAME)";
				TEST_HOST = "$(BUILT_PRODUCTS_DIR)/customImageCropping.app/customImageCropping";
			};
			name = Release;
		};
		B67E85E41D7D051100CF9988 /* Debug */ = {
			isa = XCBuildConfiguration;
			buildSettings = {
				INFOPLIST_FILE = customImageCroppingUITests/Info.plist;
				LD_RUNPATH_SEARCH_PATHS = "$(inherited) @executable_path/Frameworks @loader_path/Frameworks";
				PRODUCT_BUNDLE_IDENTIFIER = tema.com.customImageCroppingUITests;
				PRODUCT_NAME = "$(TARGET_NAME)";
				TEST_TARGET_NAME = customImageCropping;
			};
			name = Debug;
		};
		B67E85E51D7D051100CF9988 /* Release */ = {
			isa = XCBuildConfiguration;
			buildSettings = {
				INFOPLIST_FILE = customImageCroppingUITests/Info.plist;
				LD_RUNPATH_SEARCH_PATHS = "$(inherited) @executable_path/Frameworks @loader_path/Frameworks";
				PRODUCT_BUNDLE_IDENTIFIER = tema.com.customImageCroppingUITests;
				PRODUCT_NAME = "$(TARGET_NAME)";
				TEST_TARGET_NAME = customImageCropping;
			};
			name = Release;
		};
/* End XCBuildConfiguration section */

/* Begin XCConfigurationList section */
		B67E85AB1D7D051100CF9988 /* Build configuration list for PBXProject "customImageCropping" */ = {
			isa = XCConfigurationList;
			buildConfigurations = (
				B67E85DB1D7D051100CF9988 /* Debug */,
				B67E85DC1D7D051100CF9988 /* Release */,
			);
			defaultConfigurationIsVisible = 0;
			defaultConfigurationName = Release;
		};
		B67E85DD1D7D051100CF9988 /* Build configuration list for PBXNativeTarget "customImageCropping" */ = {
			isa = XCConfigurationList;
			buildConfigurations = (
				B67E85DE1D7D051100CF9988 /* Debug */,
				B67E85DF1D7D051100CF9988 /* Release */,
			);
			defaultConfigurationIsVisible = 0;
			defaultConfigurationName = Release;
		};
		B67E85E01D7D051100CF9988 /* Build configuration list for PBXNativeTarget "customImageCroppingTests" */ = {
			isa = XCConfigurationList;
			buildConfigurations = (
				B67E85E11D7D051100CF9988 /* Debug */,
				B67E85E21D7D051100CF9988 /* Release */,
			);
			defaultConfigurationIsVisible = 0;
			defaultConfigurationName = Release;
		};
		B67E85E31D7D051100CF9988 /* Build configuration list for PBXNativeTarget "customImageCroppingUITests" */ = {
			isa = XCConfigurationList;
			buildConfigurations = (
				B67E85E41D7D051100CF9988 /* Debug */,
				B67E85E51D7D051100CF9988 /* Release */,
			);
			defaultConfigurationIsVisible = 0;
			defaultConfigurationName = Release;
		};
/* End XCConfigurationList section */
	};
	rootObject = B67E85A81D7D051100CF9988 /* Project object */;
}
